
Microsoft Visual Studio Solution File, Format Version 12.00
# Visual Studio Version 17
VisualStudioVersion = 17.2.32616.157
MinimumVisualStudioVersion = 10.0.40219.1
Project("{8BC9CEB8-8B4A-11D0-8D11-00A0C91BC942}") = "Example1-GettingStarted", "Example1-GettingStarted\Example1-GettingStarted.vcxproj", "{BF6965A7-B11B-4CE3-B372-166BEF6E24E8}"
EndProject
Project("{8BC9CEB8-8B4A-11D0-8D11-00A0C91BC942}") = "Example2-DrawingPrimitives", "Example2-DrawingPrimitives\Example2-DrawingPrimitives.vcxproj", "{7D8C2B96-0112-4229-9DFD-727E5775C025}"
EndProject
Project("{8BC9CEB8-8B4A-11D0-8D11-00A0C91BC942}") = "Example3-Uniforms", "Example3-Uniforms\Example3-Uniforms.vcxproj", "{86999D36-D095-42EE-8345-D1A7BC58853B}"
EndProject
Project("{8BC9CEB8-8B4A-11D0-8D11-00A0C91BC942}") = "GBECommon", "GBECommon\GBECommon.vcxproj", "{0C8A3323-CB2F-4138-9A12-349574EEBEB3}"
EndProject
Global
	GlobalSection(SolutionConfigurationPlatforms) = preSolution
		Debug|x64 = Debug|x64
		Debug|x86 = Debug|x86
		Release|x64 = Release|x64
		Release|x86 = Release|x86
	EndGlobalSection
	GlobalSection(ProjectConfigurationPlatforms) = postSolution
		{BF6965A7-B11B-4CE3-B372-166BEF6E24E8}.Debug|x64.ActiveCfg = Debug|x64
		{BF6965A7-B11B-4CE3-B372-166BEF6E24E8}.Debug|x64.Build.0 = Debug|x64
		{BF6965A7-B11B-4CE3-B372-166BEF6E24E8}.Debug|x86.ActiveCfg = Debug|Win32
		{BF6965A7-B11B-4CE3-B372-166BEF6E24E8}.Debug|x86.Build.0 = Debug|Win32
		{BF6965A7-B11B-4CE3-B372-166BEF6E24E8}.Release|x64.ActiveCfg = Release|x64
		{BF6965A7-B11B-4CE3-B372-166BEF6E24E8}.Release|x64.Build.0 = Release|x64
		{BF6965A7-B11B-4CE3-B372-166BEF6E24E8}.Release|x86.ActiveCfg = Release|Win32
		{BF6965A7-B11B-4CE3-B372-166BEF6E24E8}.Release|x86.Build.0 = Release|Win32
		{7D8C2B96-0112-4229-9DFD-727E5775C025}.Debug|x64.ActiveCfg = Debug|x64
		{7D8C2B96-0112-4229-9DFD-727E5775C025}.Debug|x64.Build.0 = Debug|x64
		{7D8C2B96-0112-4229-9DFD-727E5775C025}.Debug|x86.ActiveCfg = Debug|Win32
		{7D8C2B96-0112-4229-9DFD-727E5775C025}.Debug|x86.Build.0 = Debug|Win32
		{7D8C2B96-0112-4229-9DFD-727E5775C025}.Release|x64.ActiveCfg = Release|x64
		{7D8C2B96-0112-4229-9DFD-727E5775C025}.Release|x64.Build.0 = Release|x64
		{7D8C2B96-0112-4229-9DFD-727E5775C025}.Release|x86.ActiveCfg = Release|Win32
		{7D8C2B96-0112-4229-9DFD-727E5775C025}.Release|x86.Build.0 = Release|Win32
		{86999D36-D095-42EE-8345-D1A7BC58853B}.Debug|x64.ActiveCfg = Debug|x64
		{86999D36-D095-42EE-8345-D1A7BC58853B}.Debug|x64.Build.0 = Debug|x64
		{86999D36-D095-42EE-8345-D1A7BC58853B}.Debug|x86.ActiveCfg = Debug|Win32
		{86999D36-D095-42EE-8345-D1A7BC58853B}.Debug|x86.Build.0 = Debug|Win32
		{86999D36-D095-42EE-8345-D1A7BC58853B}.Release|x64.ActiveCfg = Release|x64
		{86999D36-D095-42EE-8345-D1A7BC58853B}.Release|x64.Build.0 = Release|x64
		{86999D36-D095-42EE-8345-D1A7BC58853B}.Release|x86.ActiveCfg = Release|Win32
		{86999D36-D095-42EE-8345-D1A7BC58853B}.Release|x86.Build.0 = Release|Win32
		{0C8A3323-CB2F-4138-9A12-349574EEBEB3}.Debug|x64.ActiveCfg = Debug|x64
		{0C8A3323-CB2F-4138-9A12-349574EEBEB3}.Debug|x64.Build.0 = Debug|x64
		{0C8A3323-CB2F-4138-9A12-349574EEBEB3}.Debug|x86.ActiveCfg = Debug|Win32
		{0C8A3323-CB2F-4138-9A12-349574EEBEB3}.Debug|x86.Build.0 = Debug|Win32
		{0C8A3323-CB2F-4138-9A12-349574EEBEB3}.Release|x64.ActiveCfg = Release|x64
		{0C8A3323-CB2F-4138-9A12-349574EEBEB3}.Release|x64.Build.0 = Release|x64
		{0C8A3323-CB2F-4138-9A12-349574EEBEB3}.Release|x86.ActiveCfg = Release|Win32
		{0C8A3323-CB2F-4138-9A12-349574EEBEB3}.Release|x86.Build.0 = Release|Win32
	EndGlobalSection
	GlobalSection(SolutionProperties) = preSolution
		HideSolutionNode = FALSE
	EndGlobalSection
	GlobalSection(ExtensibilityGlobals) = postSolution
		SolutionGuid = {9A788EC9-D096-4801-9EB8-2CCD9C493E16}
	EndGlobalSection
EndGlobal
