<?xml version="1.0" encoding="utf-8"?>
<Project ToolsVersion="4.0" xmlns="http://schemas.microsoft.com/developer/msbuild/2003">
  <ItemGroup>
    <Filter Include="Header Files">
      <UniqueIdentifier>{977b6c74-5fba-4ad9-ad1a-7ce0a0129553}</UniqueIdentifier>
      <Extensions>h</Extensions>
    </Filter>
    <Filter Include="Source Files">
      <UniqueIdentifier>{882e1132-a02e-4dda-8b17-9e92c810c6bd}</UniqueIdentifier>
      <Extensions>c</Extensions>
    </Filter>
  </ItemGroup>
  <ItemGroup>
    <ClInclude Include="Include\GBECommon\GBE_Shaders.h">
      <Filter>Header Files</Filter>
    </ClInclude>
    <ClInclude Include="Include\GBECommon\GBE_3DMath.h">
      <Filter>Header Files</Filter>
    </ClInclude>
    <ClInclude Include="Include\GBECommon\GBE_Context.h">
      <Filter>Header Files</Filter>
    </ClInclude>
    <ClInclude Include="Include\GBECommon\GBE_Init.h">
      <Filter>Header Files</Filter>
    </ClInclude>
  </ItemGroup>
  <ItemGroup>
    <ClCompile Include="Source\GBE_3DMath.c">
      <Filter>Source Files</Filter>
    </ClCompile>
    <ClCompile Include="Source\GBE_Init.c">
      <Filter>Source Files</Filter>
    </ClCompile>
    <ClCompile Include="Source\GBE_Shaders.c">
      <Filter>Source Files</Filter>
    </ClCompile>
  </ItemGroup>
</Project>